// !$*UTF8*$!
{
	archiveVersion = 1;
	classes = {
	};
	objectVersion = 46;
	objects = {

/* Begin PBXBuildFile section */
		0E4C799B1888B4D800D745E2 /* Foundation.framework in Frameworks */ = {isa = PBXBuildFile; fileRef = 0E4C799A1888B4D800D745E2 /* Foundation.framework */; };
		0E4C799D1888B4D800D745E2 /* CoreGraphics.framework in Frameworks */ = {isa = PBXBuildFile; fileRef = 0E4C799C1888B4D800D745E2 /* CoreGraphics.framework */; };
		0E4C799F1888B4D800D745E2 /* UIKit.framework in Frameworks */ = {isa = PBXBuildFile; fileRef = 0E4C799E1888B4D800D745E2 /* UIKit.framework */; };
		0E4C79A51888B4D800D745E2 /* InfoPlist.strings in Resources */ = {isa = PBXBuildFile; fileRef = 0E4C79A31888B4D800D745E2 /* InfoPlist.strings */; };
		0E4C79A71888B4D800D745E2 /* main.m in Sources */ = {isa = PBXBuildFile; fileRef = 0E4C79A61888B4D800D745E2 /* main.m */; };
		0E4C79AB1888B4D800D745E2 /* AppDelegate.m in Sources */ = {isa = PBXBuildFile; fileRef = 0E4C79AA1888B4D800D745E2 /* AppDelegate.m */; };
		0E4C79AE1888B4D800D745E2 /* Main.storyboard in Resources */ = {isa = PBXBuildFile; fileRef = 0E4C79AC1888B4D800D745E2 /* Main.storyboard */; };
		0E4C79B31888B4D800D745E2 /* Images.xcassets in Resources */ = {isa = PBXBuildFile; fileRef = 0E4C79B21888B4D800D745E2 /* Images.xcassets */; };
		0E4C79BA1888B4D800D745E2 /* XCTest.framework in Frameworks */ = {isa = PBXBuildFile; fileRef = 0E4C79B91888B4D800D745E2 /* XCTest.framework */; };
		0E4C79BB1888B4D800D745E2 /* Foundation.framework in Frameworks */ = {isa = PBXBuildFile; fileRef = 0E4C799A1888B4D800D745E2 /* Foundation.framework */; };
		0E4C79BC1888B4D800D745E2 /* UIKit.framework in Frameworks */ = {isa = PBXBuildFile; fileRef = 0E4C799E1888B4D800D745E2 /* UIKit.framework */; };
		0E4C79C41888B4D800D745E2 /* InfoPlist.strings in Resources */ = {isa = PBXBuildFile; fileRef = 0E4C79C21888B4D800D745E2 /* InfoPlist.strings */; };
		0E4C79C61888B4D800D745E2 /* TemperatureConverterTests.m in Sources */ = {isa = PBXBuildFile; fileRef = 0E4C79C51888B4D800D745E2 /* TemperatureConverterTests.m */; };
		0E4C79D11888EC8D00D745E2 /* TemperatureConverterViewController.m in Sources */ = {isa = PBXBuildFile; fileRef = 0E4C79D01888EC8D00D745E2 /* TemperatureConverterViewController.m */; };
/* End PBXBuildFile section */

/* Begin PBXContainerItemProxy section */
		0E4C79BD1888B4D800D745E2 /* PBXContainerItemProxy */ = {
			isa = PBXContainerItemProxy;
			containerPortal = 0E4C798F1888B4D800D745E2 /* Project object */;
			proxyType = 1;
			remoteGlobalIDString = 0E4C79961888B4D800D745E2;
			remoteInfo = TemperatureConverter;
		};
/* End PBXContainerItemProxy section */

/* Begin PBXFileReference section */
		0E4C79971888B4D800D745E2 /* TemperatureConverter.app */ = {isa = PBXFileReference; explicitFileType = wrapper.application; includeInIndex = 0; path = TemperatureConverter.app; sourceTree = BUILT_PRODUCTS_DIR; };
		0E4C799A1888B4D800D745E2 /* Foundation.framework */ = {isa = PBXFileReference; lastKnownFileType = wrapper.framework; name = Foundation.framework; path = System/Library/Frameworks/Foundation.framework; sourceTree = SDKROOT; };
		0E4C799C1888B4D800D745E2 /* CoreGraphics.framework */ = {isa = PBXFileReference; lastKnownFileType = wrapper.framework; name = CoreGraphics.framework; path = System/Library/Frameworks/CoreGraphics.framework; sourceTree = SDKROOT; };
		0E4C799E1888B4D800D745E2 /* UIKit.framework */ = {isa = PBXFileReference; lastKnownFileType = wrapper.framework; name = UIKit.framework; path = System/Library/Frameworks/UIKit.framework; sourceTree = SDKROOT; };
		0E4C79A21888B4D800D745E2 /* TemperatureConverter-Info.plist */ = {isa = PBXFileReference; lastKnownFileType = text.plist.xml; path = "TemperatureConverter-Info.plist"; sourceTree = "<group>"; };
		0E4C79A41888B4D800D745E2 /* en */ = {isa = PBXFileReference; lastKnownFileType = text.plist.strings; name = en; path = en.lproj/InfoPlist.strings; sourceTree = "<group>"; };
		0E4C79A61888B4D800D745E2 /* main.m */ = {isa = PBXFileReference; lastKnownFileType = sourcecode.c.objc; path = main.m; sourceTree = "<group>"; };
		0E4C79A81888B4D800D745E2 /* TemperatureConverter-Prefix.pch */ = {isa = PBXFileReference; lastKnownFileType = sourcecode.c.h; path = "TemperatureConverter-Prefix.pch"; sourceTree = "<group>"; };
		0E4C79A91888B4D800D745E2 /* AppDelegate.h */ = {isa = PBXFileReference; lastKnownFileType = sourcecode.c.h; path = AppDelegate.h; sourceTree = "<group>"; };
		0E4C79AA1888B4D800D745E2 /* AppDelegate.m */ = {isa = PBXFileReference; lastKnownFileType = sourcecode.c.objc; path = AppDelegate.m; sourceTree = "<group>"; };
		0E4C79AD1888B4D800D745E2 /* Base */ = {isa = PBXFileReference; lastKnownFileType = file.storyboard; name = Base; path = Base.lproj/Main.storyboard; sourceTree = "<group>"; };
		0E4C79B21888B4D800D745E2 /* Images.xcassets */ = {isa = PBXFileReference; lastKnownFileType = folder.assetcatalog; path = Images.xcassets; sourceTree = "<group>"; };
		0E4C79B81888B4D800D745E2 /* TemperatureConverterTests.xctest */ = {isa = PBXFileReference; explicitFileType = wrapper.cfbundle; includeInIndex = 0; path = TemperatureConverterTests.xctest; sourceTree = BUILT_PRODUCTS_DIR; };
		0E4C79B91888B4D800D745E2 /* XCTest.framework */ = {isa = PBXFileReference; lastKnownFileType = wrapper.framework; name = XCTest.framework; path = Library/Frameworks/XCTest.framework; sourceTree = DEVELOPER_DIR; };
		0E4C79C11888B4D800D745E2 /* TemperatureConverterTests-Info.plist */ = {isa = PBXFileReference; lastKnownFileType = text.plist.xml; path = "TemperatureConverterTests-Info.plist"; sourceTree = "<group>"; };
		0E4C79C31888B4D800D745E2 /* en */ = {isa = PBXFileReference; lastKnownFileType = text.plist.strings; name = en; path = en.lproj/InfoPlist.strings; sourceTree = "<group>"; };
		0E4C79C51888B4D800D745E2 /* TemperatureConverterTests.m */ = {isa = PBXFileReference; lastKnownFileType = sourcecode.c.objc; path = TemperatureConverterTests.m; sourceTree = "<group>"; };
		0E4C79CF1888EC8D00D745E2 /* TemperatureConverterViewController.h */ = {isa = PBXFileReference; fileEncoding = 4; lastKnownFileType = sourcecode.c.h; path = TemperatureConverterViewController.h; sourceTree = "<group>"; };
		0E4C79D01888EC8D00D745E2 /* TemperatureConverterViewController.m */ = {isa = PBXFileReference; fileEncoding = 4; lastKnownFileType = sourcecode.c.objc; path = TemperatureConverterViewController.m; sourceTree = "<group>"; };
/* End PBXFileReference section */

/* Begin PBXFrameworksBuildPhase section */
		0E4C79941888B4D800D745E2 /* Frameworks */ = {
			isa = PBXFrameworksBuildPhase;
			buildActionMask = 2147483647;
			files = (
				0E4C799D1888B4D800D745E2 /* CoreGraphics.framework in Frameworks */,
				0E4C799F1888B4D800D745E2 /* UIKit.framework in Frameworks */,
				0E4C799B1888B4D800D745E2 /* Foundation.framework in Frameworks */,
			);
			runOnlyForDeploymentPostprocessing = 0;
		};
		0E4C79B51888B4D800D745E2 /* Frameworks */ = {
			isa = PBXFrameworksBuildPhase;
			buildActionMask = 2147483647;
			files = (
				0E4C79BA1888B4D800D745E2 /* XCTest.framework in Frameworks */,
				0E4C79BC1888B4D800D745E2 /* UIKit.framework in Frameworks */,
				0E4C79BB1888B4D800D745E2 /* Foundation.framework in Frameworks */,
			);
			runOnlyForDeploymentPostprocessing = 0;
		};
/* End PBXFrameworksBuildPhase section */

/* Begin PBXGroup section */
		0E4C798E1888B4D800D745E2 = {
			isa = PBXGroup;
			children = (
				0E4C79A01888B4D800D745E2 /* TemperatureConverter */,
				0E4C79BF1888B4D800D745E2 /* TemperatureConverterTests */,
				0E4C79991888B4D800D745E2 /* Frameworks */,
				0E4C79981888B4D800D745E2 /* Products */,
			);
			sourceTree = "<group>";
		};
		0E4C79981888B4D800D745E2 /* Products */ = {
			isa = PBXGroup;
			children = (
				0E4C79971888B4D800D745E2 /* TemperatureConverter.app */,
				0E4C79B81888B4D800D745E2 /* TemperatureConverterTests.xctest */,
			);
			name = Products;
			sourceTree = "<group>";
		};
		0E4C79991888B4D800D745E2 /* Frameworks */ = {
			isa = PBXGroup;
			children = (
				0E4C799A1888B4D800D745E2 /* Foundation.framework */,
				0E4C799C1888B4D800D745E2 /* CoreGraphics.framework */,
				0E4C799E1888B4D800D745E2 /* UIKit.framework */,
				0E4C79B91888B4D800D745E2 /* XCTest.framework */,
			);
			name = Frameworks;
			sourceTree = "<group>";
		};
		0E4C79A01888B4D800D745E2 /* TemperatureConverter */ = {
			isa = PBXGroup;
			children = (
				0E4C79A91888B4D800D745E2 /* AppDelegate.h */,
				0E4C79AA1888B4D800D745E2 /* AppDelegate.m */,
				0E4C79AC1888B4D800D745E2 /* Main.storyboard */,
				0E4C79B21888B4D800D745E2 /* Images.xcassets */,
				0E4C79A11888B4D800D745E2 /* Supporting Files */,
				0E4C79CF1888EC8D00D745E2 /* TemperatureConverterViewController.h */,
				0E4C79D01888EC8D00D745E2 /* TemperatureConverterViewController.m */,
			);
			path = TemperatureConverter;
			sourceTree = "<group>";
		};
		0E4C79A11888B4D800D745E2 /* Supporting Files */ = {
			isa = PBXGroup;
			children = (
				0E4C79A21888B4D800D745E2 /* TemperatureConverter-Info.plist */,
				0E4C79A31888B4D800D745E2 /* InfoPlist.strings */,
				0E4C79A61888B4D800D745E2 /* main.m */,
				0E4C79A81888B4D800D745E2 /* TemperatureConverter-Prefix.pch */,
			);
			name = "Supporting Files";
			sourceTree = "<group>";
		};
		0E4C79BF1888B4D800D745E2 /* TemperatureConverterTests */ = {
			isa = PBXGroup;
			children = (
				0E4C79C51888B4D800D745E2 /* TemperatureConverterTests.m */,
				0E4C79C01888B4D800D745E2 /* Supporting Files */,
			);
			path = TemperatureConverterTests;
			sourceTree = "<group>";
		};
		0E4C79C01888B4D800D745E2 /* Supporting Files */ = {
			isa = PBXGroup;
			children = (
				0E4C79C11888B4D800D745E2 /* TemperatureConverterTests-Info.plist */,
				0E4C79C21888B4D800D745E2 /* InfoPlist.strings */,
			);
			name = "Supporting Files";
			sourceTree = "<group>";
		};
/* End PBXGroup section */

/* Begin PBXNativeTarget section */
		0E4C79961888B4D800D745E2 /* TemperatureConverter */ = {
			isa = PBXNativeTarget;
			buildConfigurationList = 0E4C79C91888B4D800D745E2 /* Build configuration list for PBXNativeTarget "TemperatureConverter" */;
			buildPhases = (
				0E4C79931888B4D800D745E2 /* Sources */,
				0E4C79941888B4D800D745E2 /* Frameworks */,
				0E4C79951888B4D800D745E2 /* Resources */,
			);
			buildRules = (
			);
			dependencies = (
			);
			name = TemperatureConverter;
			productName = TemperatureConverter;
			productReference = 0E4C79971888B4D800D745E2 /* TemperatureConverter.app */;
			productType = "com.apple.product-type.application";
		};
		0E4C79B71888B4D800D745E2 /* TemperatureConverterTests */ = {
			isa = PBXNativeTarget;
			buildConfigurationList = 0E4C79CC1888B4D800D745E2 /* Build configuration list for PBXNativeTarget "TemperatureConverterTests" */;
			buildPhases = (
				0E4C79B41888B4D800D745E2 /* Sources */,
				0E4C79B51888B4D800D745E2 /* Frameworks */,
				0E4C79B61888B4D800D745E2 /* Resources */,
			);
			buildRules = (
			);
			dependencies = (
				0E4C79BE1888B4D800D745E2 /* PBXTargetDependency */,
			);
			name = TemperatureConverterTests;
			productName = TemperatureConverterTests;
			productReference = 0E4C79B81888B4D800D745E2 /* TemperatureConverterTests.xctest */;
			productType = "com.apple.product-type.bundle.unit-test";
		};
/* End PBXNativeTarget section */

/* Begin PBXProject section */
		0E4C798F1888B4D800D745E2 /* Project object */ = {
			isa = PBXProject;
			attributes = {
				LastUpgradeCheck = 0500;
				ORGANIZATIONNAME = codepath;
				TargetAttributes = {
					0E4C79B71888B4D800D745E2 = {
						TestTargetID = 0E4C79961888B4D800D745E2;
					};
				};
			};
			buildConfigurationList = 0E4C79921888B4D800D745E2 /* Build configuration list for PBXProject "TemperatureConverter" */;
			compatibilityVersion = "Xcode 3.2";
			developmentRegion = English;
			hasScannedForEncodings = 0;
			knownRegions = (
				en,
				Base,
			);
			mainGroup = 0E4C798E1888B4D800D745E2;
			productRefGroup = 0E4C79981888B4D800D745E2 /* Products */;
			projectDirPath = "";
			projectRoot = "";
			targets = (
				0E4C79961888B4D800D745E2 /* TemperatureConverter */,
				0E4C79B71888B4D800D745E2 /* TemperatureConverterTests */,
			);
		};
/* End PBXProject section */

/* Begin PBXResourcesBuildPhase section */
		0E4C79951888B4D800D745E2 /* Resources */ = {
			isa = PBXResourcesBuildPhase;
			buildActionMask = 2147483647;
			files = (
				0E4C79B31888B4D800D745E2 /* Images.xcassets in Resources */,
				0E4C79A51888B4D800D745E2 /* InfoPlist.strings in Resources */,
				0E4C79AE1888B4D800D745E2 /* Main.storyboard in Resources */,
			);
			runOnlyForDeploymentPostprocessing = 0;
		};
		0E4C79B61888B4D800D745E2 /* Resources */ = {
			isa = PBXResourcesBuildPhase;
			buildActionMask = 2147483647;
			files = (
				0E4C79C41888B4D800D745E2 /* InfoPlist.strings in Resources */,
			);
			runOnlyForDeploymentPostprocessing = 0;
		};
/* End PBXResourcesBuildPhase section */

/* Begin PBXSourcesBuildPhase section */
		0E4C79931888B4D800D745E2 /* Sources */ = {
			isa = PBXSourcesBuildPhase;
			buildActionMask = 2147483647;
			files = (
				0E4C79D11888EC8D00D745E2 /* TemperatureConverterViewController.m in Sources */,
				0E4C79AB1888B4D800D745E2 /* AppDelegate.m in Sources */,
				0E4C79A71888B4D800D745E2 /* main.m in Sources */,
			);
			runOnlyForDeploymentPostprocessing = 0;
		};
		0E4C79B41888B4D800D745E2 /* Sources */ = {
			isa = PBXSourcesBuildPhase;
			buildActionMask = 2147483647;
			files = (
				0E4C79C61888B4D800D745E2 /* TemperatureConverterTests.m in Sources */,
			);
			runOnlyForDeploymentPostprocessing = 0;
		};
/* End PBXSourcesBuildPhase section */

/* Begin PBXTargetDependency section */
		0E4C79BE1888B4D800D745E2 /* PBXTargetDependency */ = {
			isa = PBXTargetDependency;
			target = 0E4C79961888B4D800D745E2 /* TemperatureConverter */;
			targetProxy = 0E4C79BD1888B4D800D745E2 /* PBXContainerItemProxy */;
		};
/* End PBXTargetDependency section */

/* Begin PBXVariantGroup section */
		0E4C79A31888B4D800D745E2 /* InfoPlist.strings */ = {
			isa = PBXVariantGroup;
			children = (
				0E4C79A41888B4D800D745E2 /* en */,
			);
			name = InfoPlist.strings;
			sourceTree = "<group>";
		};
		0E4C79AC1888B4D800D745E2 /* Main.storyboard */ = {
			isa = PBXVariantGroup;
			children = (
				0E4C79AD1888B4D800D745E2 /* Base */,
			);
			name = Main.storyboard;
			sourceTree = "<group>";
		};
		0E4C79C21888B4D800D745E2 /* InfoPlist.strings */ = {
			isa = PBXVariantGroup;
			children = (
				0E4C79C31888B4D800D745E2 /* en */,
			);
			name = InfoPlist.strings;
			sourceTree = "<group>";
		};
/* End PBXVariantGroup section */

/* Begin XCBuildConfiguration section */
		0E4C79C71888B4D800D745E2 /* Debug */ = {
			isa = XCBuildConfiguration;
			buildSettings = {
				ALWAYS_SEARCH_USER_PATHS = NO;
				ARCHS = "$(ARCHS_STANDARD_INCLUDING_64_BIT)";
				CLANG_CXX_LANGUAGE_STANDARD = "gnu++0x";
				CLANG_CXX_LIBRARY = "libc++";
				CLANG_ENABLE_MODULES = YES;
				CLANG_ENABLE_OBJC_ARC = YES;
				CLANG_WARN_BOOL_CONVERSION = YES;
				CLANG_WARN_CONSTANT_CONVERSION = YES;
				CLANG_WARN_DIRECT_OBJC_ISA_USAGE = YES_ERROR;
				CLANG_WARN_EMPTY_BODY = YES;
				CLANG_WARN_ENUM_CONVERSION = YES;
				CLANG_WARN_INT_CONVERSION = YES;
				CLANG_WARN_OBJC_ROOT_CLASS = YES_ERROR;
				CLANG_WARN__DUPLICATE_METHOD_MATCH = YES;
				"CODE_SIGN_IDENTITY[sdk=iphoneos*]" = "iPhone Developer";
				COPY_PHASE_STRIP = NO;
				GCC_C_LANGUAGE_STANDARD = gnu99;
				GCC_DYNAMIC_NO_PIC = NO;
				GCC_OPTIMIZATION_LEVEL = 0;
				GCC_PREPROCESSOR_DEFINITIONS = (
					"DEBUG=1",
					"$(inherited)",
				);
				GCC_SYMBOLS_PRIVATE_EXTERN = NO;
				GCC_WARN_64_TO_32_BIT_CONVERSION = YES;
				GCC_WARN_ABOUT_RETURN_TYPE = YES_ERROR;
				GCC_WARN_UNDECLARED_SELECTOR = YES;
				GCC_WARN_UNINITIALIZED_AUTOS = YES;
				GCC_WARN_UNUSED_FUNCTION = YES;
				GCC_WARN_UNUSED_VARIABLE = YES;
				IPHONEOS_DEPLOYMENT_TARGET = 7.0;
				ONLY_ACTIVE_ARCH = YES;
				SDKROOT = iphoneos;
			};
			name = Debug;
		};
		0E4C79C81888B4D800D745E2 /* Release */ = {
			isa = XCBuildConfiguration;
			buildSettings = {
				ALWAYS_SEARCH_USER_PATHS = NO;
				ARCHS = "$(ARCHS_STANDARD_INCLUDING_64_BIT)";
				CLANG_CXX_LANGUAGE_STANDARD = "gnu++0x";
				CLANG_CXX_LIBRARY = "libc++";
				CLANG_ENABLE_MODULES = YES;
				CLANG_ENABLE_OBJC_ARC = YES;
				CLANG_WARN_BOOL_CONVERSION = YES;
				CLANG_WARN_CONSTANT_CONVERSION = YES;
				CLANG_WARN_DIRECT_OBJC_ISA_USAGE = YES_ERROR;
				CLANG_WARN_EMPTY_BODY = YES;
				CLANG_WARN_ENUM_CONVERSION = YES;
				CLANG_WARN_INT_CONVERSION = YES;
				CLANG_WARN_OBJC_ROOT_CLASS = YES_ERROR;
				CLANG_WARN__DUPLICATE_METHOD_MATCH = YES;
				"CODE_SIGN_IDENTITY[sdk=iphoneos*]" = "iPhone Developer";
				COPY_PHASE_STRIP = YES;
				ENABLE_NS_ASSERTIONS = NO;
				GCC_C_LANGUAGE_STANDARD = gnu99;
				GCC_WARN_64_TO_32_BIT_CONVERSION = YES;
				GCC_WARN_ABOUT_RETURN_TYPE = YES_ERROR;
				GCC_WARN_UNDECLARED_SELECTOR = YES;
				GCC_WARN_UNINITIALIZED_AUTOS = YES;
				GCC_WARN_UNUSED_FUNCTION = YES;
				GCC_WARN_UNUSED_VARIABLE = YES;
				IPHONEOS_DEPLOYMENT_TARGET = 7.0;
				SDKROOT = iphoneos;
				VALIDATE_PRODUCT = YES;
			};
			name = Release;
		};
		0E4C79CA1888B4D800D745E2 /* Debug */ = {
			isa = XCBuildConfiguration;
			buildSettings = {
				ASSETCATALOG_COMPILER_APPICON_NAME = AppIcon;
				ASSETCATALOG_COMPILER_LAUNCHIMAGE_NAME = LaunchImage;
				GCC_PRECOMPILE_PREFIX_HEADER = YES;
				GCC_PREFIX_HEADER = "TemperatureConverter/TemperatureConverter-Prefix.pch";
				INFOPLIST_FILE = "TemperatureConverter/TemperatureConverter-Info.plist";
				PRODUCT_NAME = "$(TARGET_NAME)";
				WRAPPER_EXTENSION = app;
			};
			name = Debug;
		};
		0E4C79CB1888B4D800D745E2 /* Release */ = {
			isa = XCBuildConfiguration;
			buildSettings = {
				ASSETCATALOG_COMPILER_APPICON_NAME = AppIcon;
				ASSETCATALOG_COMPILER_LAUNCHIMAGE_NAME = LaunchImage;
				GCC_PRECOMPILE_PREFIX_HEADER = YES;
				GCC_PREFIX_HEADER = "TemperatureConverter/TemperatureConverter-Prefix.pch";
				INFOPLIST_FILE = "TemperatureConverter/TemperatureConverter-Info.plist";
				PRODUCT_NAME = "$(TARGET_NAME)";
				WRAPPER_EXTENSION = app;
			};
			name = Release;
		};
		0E4C79CD1888B4D800D745E2 /* Debug */ = {
			isa = XCBuildConfiguration;
			buildSettings = {
				ARCHS = "$(ARCHS_STANDARD_INCLUDING_64_BIT)";
				BUNDLE_LOADER = "$(BUILT_PRODUCTS_DIR)/TemperatureConverter.app/TemperatureConverter";
				FRAMEWORK_SEARCH_PATHS = (
					"$(SDKROOT)/Developer/Library/Frameworks",
					"$(inherited)",
					"$(DEVELOPER_FRAMEWORKS_DIR)",
				);
				GCC_PRECOMPILE_PREFIX_HEADER = YES;
				GCC_PREFIX_HEADER = "TemperatureConverter/TemperatureConverter-Prefix.pch";
				GCC_PREPROCESSOR_DEFINITIONS = (
					"DEBUG=1",
					"$(inherited)",
				);
				INFOPLIST_FILE = "TemperatureConverterTests/TemperatureConverterTests-Info.plist";
				PRODUCT_NAME = "$(TARGET_NAME)";
				TEST_HOST = "$(BUNDLE_LOADER)";
				WRAPPER_EXTENSION = xctest;
			};
			name = Debug;
		};
		0E4C79CE1888B4D800D745E2 /* Release */ = {
			isa = XCBuildConfiguration;
			buildSettings = {
				ARCHS = "$(ARCHS_STANDARD_INCLUDING_64_BIT)";
				BUNDLE_LOADER = "$(BUILT_PRODUCTS_DIR)/TemperatureConverter.app/TemperatureConverter";
				FRAMEWORK_SEARCH_PATHS = (
					"$(SDKROOT)/Developer/Library/Frameworks",
					"$(inherited)",
					"$(DEVELOPER_FRAMEWORKS_DIR)",
				);
				GCC_PRECOMPILE_PREFIX_HEADER = YES;
				GCC_PREFIX_HEADER = "TemperatureConverter/TemperatureConverter-Prefix.pch";
				INFOPLIST_FILE = "TemperatureConverterTests/TemperatureConverterTests-Info.plist";
				PRODUCT_NAME = "$(TARGET_NAME)";
				TEST_HOST = "$(BUNDLE_LOADER)";
				WRAPPER_EXTENSION = xctest;
			};
			name = Release;
		};
/* End XCBuildConfiguration section */

/* Begin XCConfigurationList section */
		0E4C79921888B4D800D745E2 /* Build configuration list for PBXProject "TemperatureConverter" */ = {
			isa = XCConfigurationList;
			buildConfigurations = (
				0E4C79C71888B4D800D745E2 /* Debug */,
				0E4C79C81888B4D800D745E2 /* Release */,
			);
			defaultConfigurationIsVisible = 0;
			defaultConfigurationName = Release;
		};
		0E4C79C91888B4D800D745E2 /* Build configuration list for PBXNativeTarget "TemperatureConverter" */ = {
			isa = XCConfigurationList;
			buildConfigurations = (
				0E4C79CA1888B4D800D745E2 /* Debug */,
				0E4C79CB1888B4D800D745E2 /* Release */,
			);
			defaultConfigurationIsVisible = 0;
			defaultConfigurationName = Release;
		};
		0E4C79CC1888B4D800D745E2 /* Build configuration list for PBXNativeTarget "TemperatureConverterTests" */ = {
			isa = XCConfigurationList;
			buildConfigurations = (
				0E4C79CD1888B4D800D745E2 /* Debug */,
				0E4C79CE1888B4D800D745E2 /* Release */,
			);
			defaultConfigurationIsVisible = 0;
			defaultConfigurationName = Release;
		};
/* End XCConfigurationList section */
	};
	rootObject = 0E4C798F1888B4D800D745E2 /* Project object */;
}
